{
	"name": "@v-ed/tsconfig",
	"version": "0.1.2",
	"lockfileVersion": 2,
	"requires": true,
	"packages": {
		"": {
			"name": "@v-ed/tsconfig",
			"version": "0.1.2",
			"license": "MIT",
			"devDependencies": {
				"@v-ed/prettier-config": "0.1.1"
			},
			"engines": {
				"node": ">=14"
			}
		},
		"node_modules/@v-ed/prettier-config": {
			"version": "0.1.1",
			"resolved": "https://registry.npmjs.org/@v-ed/prettier-config/-/prettier-config-0.1.1.tgz",
			"integrity": "sha512-DyhQikR55iBRCdSgAGOCi6IdoBs5lEzJgMTOLt4n3sF2jp9E6lHnKu6/h2v//N9jQX0qpsuFXW4rX7X/HzS7IA==",
			"dev": true,
			"engines": {
				"node": ">=14"
			}
		}
	},
	"dependencies": {
		"@v-ed/prettier-config": {
			"version": "0.1.1",
			"resolved": "https://registry.npmjs.org/@v-ed/prettier-config/-/prettier-config-0.1.1.tgz",
			"integrity": "sha512-DyhQikR55iBRCdSgAGOCi6IdoBs5lEzJgMTOLt4n3sF2jp9E6lHnKu6/h2v//N9jQX0qpsuFXW4rX7X/HzS7IA==",
			"dev": true
		}
	}
}
